PODS:
  - Alamofire (5.0.0.beta.1)
  - Kingfisher (5.1.0)
  - MMKV (1.0.17)
  - NBNRequestKit (2.2.0)
  - OctoKit.swift (0.8.0):
    - NBNRequestKit (~> 2.0)
  - RxAtomic (4.4.0)
  - RxCocoa (4.4.0):
    - RxSwift (~> 4.0)
  - RxOptional (3.6.2):
    - RxCocoa (~> 4.0)
    - RxSwift (~> 4.0)
  - RxSwift (4.4.0):
    - RxAtomic (~> 4.4)
  - SnapKit (4.0.1)
  - SVProgressHUD (2.2.5)
  - SwiftyBootstrap (0.1.0)
  - SwiftyGithub (0.1.0)
  - Swinject (2.5.0)
  - Toast (4.0.0)

DEPENDENCIES:
  - Alamofire (~> 5.0.0.beta.1)
  - Kingfisher (~> 5.1.0)
  - MMKV
  - NBNRequestKit
  - OctoKit.swift
  - RxCocoa (~> 4.0)
  - RxOptional
  - RxSwift (~> 4.0)
  - SnapKit (~> 4.0.0)
  - SVProgressHUD (from `https://github.com/SVProgressHUD/SVProgressHUD.git`)
  - SwiftyBootstrap (from `../dev-Pods/SwiftyBootstrap`)
  - SwiftyGithub (from `../dev-Pods/SwiftyGithub`)
  - Swinject
  - Toast

EXTERNAL SOURCES:
  SVProgressHUD:
    :git: https://github.com/SVProgressHUD/SVProgressHUD.git
  SwiftyBootstrap:
    :path: ../dev-Pods/SwiftyBootstrap
  SwiftyGithub:
    :path: ../dev-Pods/SwiftyGithub

CHECKOUT OPTIONS:
  SVProgressHUD:
    :commit: e2a6aaa12321962cbe9fbecc370475f369c6566c
    :git: https://github.com/SVProgressHUD/SVProgressHUD.git

SPEC CHECKSUMS:
  Alamofire: 2ef6d6c984c5d21c366e9b41a9ae7dfee2b67a44
  Kingfisher: fcec238063d17404fca89bf0a850583211c4cbf6
  MMKV: 890ba85ecf1d05546ed2c4d29fe618dbf92e3cf4
  NBNRequestKit: 30c39d8e23e94f935bfc2a25789c44e4a6e1bfdd
  OctoKit.swift: 2f51efbf888997fc625b91894777e76e9142d95b
  RxAtomic: eacf60db868c96bfd63320e28619fe29c179656f
  RxCocoa: df63ebf7b9a70d6b4eeea407ed5dd4efc8979749
  RxOptional: 80426a0ddbd092573e4c482d8cc13302078c4d5e
  RxSwift: 5976ecd04fc2fefd648827c23de5e11157faa973
  SnapKit: 0de968a9fec17499afa29683b05d0c775b6d1c29
  SVProgressHUD: 1428aafac632c1f86f62aa4243ec12008d7a51d6
  SwiftyBootstrap: 0714b1dab01d8eaba8f3e07b1d0b36daa64eb81c
  SwiftyGithub: 133d654b96756b37bbaa4d7b5d9c89858025a55d
  Swinject: 82cdb851f63f91bba974e3eca1d69780f2f7677e
  Toast: 91b396c56ee72a5790816f40d3a94dd357abc196

PODFILE CHECKSUM: eb4eb196a3ce5e234fef9b51ce09a168fe1bc350

COCOAPODS: 1.3.1
