// !$*UTF8*$!
{
	archiveVersion = 1;
	classes = {
	};
	objectVersion = 46;
	objects = {

/* Begin PBXBuildFile section */
		31768473102987F5CC28A3DF /* Pods_Client_iOS.framework in Frameworks */ = {isa = PBXBuildFile; fileRef = A4B4DD3EDA8681F109219231 /* Pods_Client_iOS.framework */; };
		F112DAB221FA1A35001CA110 /* AppDelegate.swift in Sources */ = {isa = PBXBuildFile; fileRef = F112DAB121FA1A35001CA110 /* AppDelegate.swift */; };
		F112DAB421FA1A35001CA110 /* ViewController.swift in Sources */ = {isa = PBXBuildFile; fileRef = F112DAB321FA1A35001CA110 /* ViewController.swift */; };
		F112DAB721FA1A35001CA110 /* Main.storyboard in Resources */ = {isa = PBXBuildFile; fileRef = F112DAB521FA1A35001CA110 /* Main.storyboard */; };
		F112DAB921FA1A36001CA110 /* Assets.xcassets in Resources */ = {isa = PBXBuildFile; fileRef = F112DAB821FA1A36001CA110 /* Assets.xcassets */; };
		F112DABC21FA1A36001CA110 /* LaunchScreen.storyboard in Resources */ = {isa = PBXBuildFile; fileRef = F112DABA21FA1A36001CA110 /* LaunchScreen.storyboard */; };
		F1A830B921FB7F7600F1ACB0 /* SwiftyBootstrap.podspec in Resources */ = {isa = PBXBuildFile; fileRef = F1A830B821FB7F7600F1ACB0 /* SwiftyBootstrap.podspec */; };
		F1A830BE21FB8A2600F1ACB0 /* HomeStructureTask.swift in Sources */ = {isa = PBXBuildFile; fileRef = F1A830BD21FB8A2600F1ACB0 /* HomeStructureTask.swift */; };
		F1A830C121FB8B3D00F1ACB0 /* HomeStructure.swift in Sources */ = {isa = PBXBuildFile; fileRef = F1A830C021FB8B3D00F1ACB0 /* HomeStructure.swift */; };
		F1A830C421FC36F000F1ACB0 /* LoginAuthorizeViewController.swift in Sources */ = {isa = PBXBuildFile; fileRef = F1A830C321FC36F000F1ACB0 /* LoginAuthorizeViewController.swift */; };
		F1A830C621FCA7AE00F1ACB0 /* MineViewContoller.swift in Sources */ = {isa = PBXBuildFile; fileRef = F1A830C521FCA7AE00F1ACB0 /* MineViewContoller.swift */; };
		F1A830C921FCA93A00F1ACB0 /* UserProfileHeader.swift in Sources */ = {isa = PBXBuildFile; fileRef = F1A830C821FCA93A00F1ACB0 /* UserProfileHeader.swift */; };
		F1A830CB21FCB56700F1ACB0 /* UserProfileViewModel.swift in Sources */ = {isa = PBXBuildFile; fileRef = F1A830CA21FCB56700F1ACB0 /* UserProfileViewModel.swift */; };
		F1A830CF21FCBDD200F1ACB0 /* Operators.swift in Sources */ = {isa = PBXBuildFile; fileRef = F1A830CE21FCBDD200F1ACB0 /* Operators.swift */; };
		F1A830DF21FD74C000F1ACB0 /* GithubAPIService.swift in Sources */ = {isa = PBXBuildFile; fileRef = F1A830DE21FD74C000F1ACB0 /* GithubAPIService.swift */; };
/* End PBXBuildFile section */

/* Begin PBXFileReference section */
		607FACEA1AFB9204008FA782 /* Info.plist */ = {isa = PBXFileReference; lastKnownFileType = text.plist.xml; path = Info.plist; sourceTree = "<group>"; };
		607FACEB1AFB9204008FA782 /* Tests.swift */ = {isa = PBXFileReference; lastKnownFileType = sourcecode.swift; path = Tests.swift; sourceTree = "<group>"; };
		A4B4DD3EDA8681F109219231 /* Pods_Client_iOS.framework */ = {isa = PBXFileReference; explicitFileType = wrapper.framework; includeInIndex = 0; path = Pods_Client_iOS.framework; sourceTree = BUILT_PRODUCTS_DIR; };
		BCAB677742A5222054A55C2A /* Pods-Client-iOS.release.xcconfig */ = {isa = PBXFileReference; includeInIndex = 1; lastKnownFileType = text.xcconfig; name = "Pods-Client-iOS.release.xcconfig"; path = "Pods/Target Support Files/Pods-Client-iOS/Pods-Client-iOS.release.xcconfig"; sourceTree = "<group>"; };
		BF50044810C0EDDD5D060202 /* Pods-Client-iOS.debug.xcconfig */ = {isa = PBXFileReference; includeInIndex = 1; lastKnownFileType = text.xcconfig; name = "Pods-Client-iOS.debug.xcconfig"; path = "Pods/Target Support Files/Pods-Client-iOS/Pods-Client-iOS.debug.xcconfig"; sourceTree = "<group>"; };
		F112DA9121FA1968001CA110 /* SwiftyGithub.podspec */ = {isa = PBXFileReference; lastKnownFileType = text; name = SwiftyGithub.podspec; path = "../dev-Pods/SwiftyGithub/SwiftyGithub.podspec"; sourceTree = "<group>"; };
		F112DAAF21FA1A35001CA110 /* Client-iOS.app */ = {isa = PBXFileReference; explicitFileType = wrapper.application; includeInIndex = 0; path = "Client-iOS.app"; sourceTree = BUILT_PRODUCTS_DIR; };
		F112DAB121FA1A35001CA110 /* AppDelegate.swift */ = {isa = PBXFileReference; lastKnownFileType = sourcecode.swift; path = AppDelegate.swift; sourceTree = "<group>"; };
		F112DAB321FA1A35001CA110 /* ViewController.swift */ = {isa = PBXFileReference; lastKnownFileType = sourcecode.swift; path = ViewController.swift; sourceTree = "<group>"; };
		F112DAB621FA1A35001CA110 /* Base */ = {isa = PBXFileReference; lastKnownFileType = file.storyboard; name = Base; path = Base.lproj/Main.storyboard; sourceTree = "<group>"; };
		F112DAB821FA1A36001CA110 /* Assets.xcassets */ = {isa = PBXFileReference; lastKnownFileType = folder.assetcatalog; path = Assets.xcassets; sourceTree = "<group>"; };
		F112DABB21FA1A36001CA110 /* Base */ = {isa = PBXFileReference; lastKnownFileType = file.storyboard; name = Base; path = Base.lproj/LaunchScreen.storyboard; sourceTree = "<group>"; };
		F112DABD21FA1A36001CA110 /* Info.plist */ = {isa = PBXFileReference; lastKnownFileType = text.plist.xml; path = Info.plist; sourceTree = "<group>"; };
		F1A830B821FB7F7600F1ACB0 /* SwiftyBootstrap.podspec */ = {isa = PBXFileReference; fileEncoding = 4; lastKnownFileType = text; name = SwiftyBootstrap.podspec; path = "../dev-Pods/SwiftyBootstrap/SwiftyBootstrap.podspec"; sourceTree = "<group>"; };
		F1A830BD21FB8A2600F1ACB0 /* HomeStructureTask.swift */ = {isa = PBXFileReference; lastKnownFileType = sourcecode.swift; path = HomeStructureTask.swift; sourceTree = "<group>"; };
		F1A830C021FB8B3D00F1ACB0 /* HomeStructure.swift */ = {isa = PBXFileReference; lastKnownFileType = sourcecode.swift; path = HomeStructure.swift; sourceTree = "<group>"; };
		F1A830C321FC36F000F1ACB0 /* LoginAuthorizeViewController.swift */ = {isa = PBXFileReference; lastKnownFileType = sourcecode.swift; path = LoginAuthorizeViewController.swift; sourceTree = "<group>"; };
		F1A830C521FCA7AE00F1ACB0 /* MineViewContoller.swift */ = {isa = PBXFileReference; lastKnownFileType = sourcecode.swift; path = MineViewContoller.swift; sourceTree = "<group>"; };
		F1A830C821FCA93A00F1ACB0 /* UserProfileHeader.swift */ = {isa = PBXFileReference; lastKnownFileType = sourcecode.swift; path = UserProfileHeader.swift; sourceTree = "<group>"; };
		F1A830CA21FCB56700F1ACB0 /* UserProfileViewModel.swift */ = {isa = PBXFileReference; lastKnownFileType = sourcecode.swift; path = UserProfileViewModel.swift; sourceTree = "<group>"; };
		F1A830CE21FCBDD200F1ACB0 /* Operators.swift */ = {isa = PBXFileReference; fileEncoding = 4; lastKnownFileType = sourcecode.swift; name = Operators.swift; path = Module/Operators.swift; sourceTree = "<group>"; };
		F1A830DE21FD74C000F1ACB0 /* GithubAPIService.swift */ = {isa = PBXFileReference; lastKnownFileType = sourcecode.swift; path = GithubAPIService.swift; sourceTree = "<group>"; };
/* End PBXFileReference section */

/* Begin PBXFrameworksBuildPhase section */
		F112DAAC21FA1A35001CA110 /* Frameworks */ = {
			isa = PBXFrameworksBuildPhase;
			buildActionMask = 2147483647;
			files = (
				31768473102987F5CC28A3DF /* Pods_Client_iOS.framework in Frameworks */,
			);
			runOnlyForDeploymentPostprocessing = 0;
		};
/* End PBXFrameworksBuildPhase section */

/* Begin PBXGroup section */
		4B1353D306BC07036C1E1799 /* Frameworks */ = {
			isa = PBXGroup;
			children = (
				A4B4DD3EDA8681F109219231 /* Pods_Client_iOS.framework */,
			);
			name = Frameworks;
			sourceTree = "<group>";
		};
		607FACC71AFB9204008FA782 = {
			isa = PBXGroup;
			children = (
				607FACF51AFB993E008FA782 /* Podspec Metadata */,
				607FACE81AFB9204008FA782 /* Tests */,
				F112DAB021FA1A35001CA110 /* Client-iOS */,
				607FACD11AFB9204008FA782 /* Products */,
				B158B9B59908A7885E8FEF97 /* Pods */,
				4B1353D306BC07036C1E1799 /* Frameworks */,
			);
			sourceTree = "<group>";
		};
		607FACD11AFB9204008FA782 /* Products */ = {
			isa = PBXGroup;
			children = (
				F112DAAF21FA1A35001CA110 /* Client-iOS.app */,
			);
			name = Products;
			sourceTree = "<group>";
		};
		607FACE81AFB9204008FA782 /* Tests */ = {
			isa = PBXGroup;
			children = (
				607FACEB1AFB9204008FA782 /* Tests.swift */,
				607FACE91AFB9204008FA782 /* Supporting Files */,
			);
			path = Tests;
			sourceTree = "<group>";
		};
		607FACE91AFB9204008FA782 /* Supporting Files */ = {
			isa = PBXGroup;
			children = (
				607FACEA1AFB9204008FA782 /* Info.plist */,
			);
			name = "Supporting Files";
			sourceTree = "<group>";
		};
		607FACF51AFB993E008FA782 /* Podspec Metadata */ = {
			isa = PBXGroup;
			children = (
				F112DA9121FA1968001CA110 /* SwiftyGithub.podspec */,
				F1A830B821FB7F7600F1ACB0 /* SwiftyBootstrap.podspec */,
			);
			name = "Podspec Metadata";
			sourceTree = "<group>";
		};
		B158B9B59908A7885E8FEF97 /* Pods */ = {
			isa = PBXGroup;
			children = (
				BF50044810C0EDDD5D060202 /* Pods-Client-iOS.debug.xcconfig */,
				BCAB677742A5222054A55C2A /* Pods-Client-iOS.release.xcconfig */,
			);
			name = Pods;
			sourceTree = "<group>";
		};
		F112DAB021FA1A35001CA110 /* Client-iOS */ = {
			isa = PBXGroup;
			children = (
				F1A830DD21FD74A700F1ACB0 /* Services */,
				F1A830CE21FCBDD200F1ACB0 /* Operators.swift */,
				F1A830B421FB7A2100F1ACB0 /* Module */,
				F112DAB121FA1A35001CA110 /* AppDelegate.swift */,
				F112DAB321FA1A35001CA110 /* ViewController.swift */,
				F112DAB521FA1A35001CA110 /* Main.storyboard */,
				F112DAB821FA1A36001CA110 /* Assets.xcassets */,
				F112DABA21FA1A36001CA110 /* LaunchScreen.storyboard */,
				F112DABD21FA1A36001CA110 /* Info.plist */,
			);
			path = "Client-iOS";
			sourceTree = "<group>";
		};
		F1A830B421FB7A2100F1ACB0 /* Module */ = {
			isa = PBXGroup;
			children = (
				F1A830C221FC36BC00F1ACB0 /* Authorize */,
				F1A830BF21FB8B0E00F1ACB0 /* HomeStructure */,
				F1A830B521FB7A3300F1ACB0 /* Launch */,
			);
			path = Module;
			sourceTree = "<group>";
		};
		F1A830B521FB7A3300F1ACB0 /* Launch */ = {
			isa = PBXGroup;
			children = (
				F1A830BD21FB8A2600F1ACB0 /* HomeStructureTask.swift */,
			);
			path = Launch;
			sourceTree = "<group>";
		};
		F1A830BF21FB8B0E00F1ACB0 /* HomeStructure */ = {
			isa = PBXGroup;
			children = (
				F1A830C721FCA82E00F1ACB0 /* Mine */,
				F1A830C021FB8B3D00F1ACB0 /* HomeStructure.swift */,
			);
			path = HomeStructure;
			sourceTree = "<group>";
		};
		F1A830C221FC36BC00F1ACB0 /* Authorize */ = {
			isa = PBXGroup;
			children = (
				F1A830C321FC36F000F1ACB0 /* LoginAuthorizeViewController.swift */,
			);
			path = Authorize;
			sourceTree = "<group>";
		};
		F1A830C721FCA82E00F1ACB0 /* Mine */ = {
			isa = PBXGroup;
			children = (
				F1A830C521FCA7AE00F1ACB0 /* MineViewContoller.swift */,
				F1A830C821FCA93A00F1ACB0 /* UserProfileHeader.swift */,
				F1A830CA21FCB56700F1ACB0 /* UserProfileViewModel.swift */,
			);
			path = Mine;
			sourceTree = "<group>";
		};
		F1A830DD21FD74A700F1ACB0 /* Services */ = {
			isa = PBXGroup;
			children = (
				F1A830DE21FD74C000F1ACB0 /* GithubAPIService.swift */,
			);
			path = Services;
			sourceTree = "<group>";
		};
/* End PBXGroup section */

/* Begin PBXNativeTarget section */
		F112DAAE21FA1A35001CA110 /* Client-iOS */ = {
			isa = PBXNativeTarget;
			buildConfigurationList = F112DABE21FA1A36001CA110 /* Build configuration list for PBXNativeTarget "Client-iOS" */;
			buildPhases = (
				FB426F22AE9D6628A9ADB12B /* [CP] Check Pods Manifest.lock */,
				F112DAAB21FA1A35001CA110 /* Sources */,
				F112DAAC21FA1A35001CA110 /* Frameworks */,
				F112DAAD21FA1A35001CA110 /* Resources */,
				5E20DA668C0BBCD84722B37A /* [CP] Embed Pods Frameworks */,
				FD90D7AD3A76944B535B7211 /* [CP] Copy Pods Resources */,
			);
			buildRules = (
			);
			dependencies = (
			);
			name = "Client-iOS";
			productName = "Client-iOS";
			productReference = F112DAAF21FA1A35001CA110 /* Client-iOS.app */;
			productType = "com.apple.product-type.application";
		};
/* End PBXNativeTarget section */

/* Begin PBXProject section */
		607FACC81AFB9204008FA782 /* Project object */ = {
			isa = PBXProject;
			attributes = {
				LastSwiftUpdateCheck = 1010;
				LastUpgradeCheck = 0830;
				ORGANIZATIONNAME = CocoaPods;
				TargetAttributes = {
					F112DAAE21FA1A35001CA110 = {
						CreatedOnToolsVersion = 10.1;
						DevelopmentTeam = FYW64YS999;
						ProvisioningStyle = Automatic;
					};
				};
			};
			buildConfigurationList = 607FACCB1AFB9204008FA782 /* Build configuration list for PBXProject "SwiftyGithubClient" */;
			compatibilityVersion = "Xcode 3.2";
			developmentRegion = English;
			hasScannedForEncodings = 0;
			knownRegions = (
				en,
				Base,
			);
			mainGroup = 607FACC71AFB9204008FA782;
			productRefGroup = 607FACD11AFB9204008FA782 /* Products */;
			projectDirPath = "";
			projectRoot = "";
			targets = (
				F112DAAE21FA1A35001CA110 /* Client-iOS */,
			);
		};
/* End PBXProject section */

/* Begin PBXResourcesBuildPhase section */
		F112DAAD21FA1A35001CA110 /* Resources */ = {
			isa = PBXResourcesBuildPhase;
			buildActionMask = 2147483647;
			files = (
				F112DABC21FA1A36001CA110 /* LaunchScreen.storyboard in Resources */,
				F112DAB921FA1A36001CA110 /* Assets.xcassets in Resources */,
				F112DAB721FA1A35001CA110 /* Main.storyboard in Resources */,
				F1A830B921FB7F7600F1ACB0 /* SwiftyBootstrap.podspec in Resources */,
			);
			runOnlyForDeploymentPostprocessing = 0;
		};
/* End PBXResourcesBuildPhase section */

/* Begin PBXShellScriptBuildPhase section */
		5E20DA668C0BBCD84722B37A /* [CP] Embed Pods Frameworks */ = {
			isa = PBXShellScriptBuildPhase;
			buildActionMask = 2147483647;
			files = (
			);
			inputPaths = (
				"${SRCROOT}/Pods/Target Support Files/Pods-Client-iOS/Pods-Client-iOS-frameworks.sh",
				"${BUILT_PRODUCTS_DIR}/Alamofire/Alamofire.framework",
				"${BUILT_PRODUCTS_DIR}/RxCocoa/RxCocoa.framework",
				"${BUILT_PRODUCTS_DIR}/RxSwift/RxSwift.framework",
				"${BUILT_PRODUCTS_DIR}/SnapKit/SnapKit.framework",
				"${BUILT_PRODUCTS_DIR}/SwiftyBootstrap/SwiftyBootstrap.framework",
				"${BUILT_PRODUCTS_DIR}/SwiftyGithub/SwiftyGithub.framework",
			);
			name = "[CP] Embed Pods Frameworks";
			outputPaths = (
				"${TARGET_BUILD_DIR}/${FRAMEWORKS_FOLDER_PATH}/Alamofire.framework",
				"${TARGET_BUILD_DIR}/${FRAMEWORKS_FOLDER_PATH}/RxCocoa.framework",
				"${TARGET_BUILD_DIR}/${FRAMEWORKS_FOLDER_PATH}/RxSwift.framework",
				"${TARGET_BUILD_DIR}/${FRAMEWORKS_FOLDER_PATH}/SnapKit.framework",
				"${TARGET_BUILD_DIR}/${FRAMEWORKS_FOLDER_PATH}/SwiftyBootstrap.framework",
				"${TARGET_BUILD_DIR}/${FRAMEWORKS_FOLDER_PATH}/SwiftyGithub.framework",
			);
			runOnlyForDeploymentPostprocessing = 0;
			shellPath = /bin/sh;
			shellScript = "\"${SRCROOT}/Pods/Target Support Files/Pods-Client-iOS/Pods-Client-iOS-frameworks.sh\"\n";
			showEnvVarsInLog = 0;
		};
		FB426F22AE9D6628A9ADB12B /* [CP] Check Pods Manifest.lock */ = {
			isa = PBXShellScriptBuildPhase;
			buildActionMask = 2147483647;
			files = (
			);
			inputPaths = (
				"${PODS_PODFILE_DIR_PATH}/Podfile.lock",
				"${PODS_ROOT}/Manifest.lock",
			);
			name = "[CP] Check Pods Manifest.lock";
			outputPaths = (
				"$(DERIVED_FILE_DIR)/Pods-Client-iOS-checkManifestLockResult.txt",
			);
			runOnlyForDeploymentPostprocessing = 0;
			shellPath = /bin/sh;
			shellScript = "diff \"${PODS_PODFILE_DIR_PATH}/Podfile.lock\" \"${PODS_ROOT}/Manifest.lock\" > /dev/null\nif [ $? != 0 ] ; then\n    # print error to STDERR\n    echo \"error: The sandbox is not in sync with the Podfile.lock. Run 'pod install' or update your CocoaPods installation.\" >&2\n    exit 1\nfi\n# This output is used by Xcode 'outputs' to avoid re-running this script phase.\necho \"SUCCESS\" > \"${SCRIPT_OUTPUT_FILE_0}\"\n";
			showEnvVarsInLog = 0;
		};
		FD90D7AD3A76944B535B7211 /* [CP] Copy Pods Resources */ = {
			isa = PBXShellScriptBuildPhase;
			buildActionMask = 2147483647;
			files = (
			);
			inputPaths = (
			);
			name = "[CP] Copy Pods Resources";
			outputPaths = (
			);
			runOnlyForDeploymentPostprocessing = 0;
			shellPath = /bin/sh;
			shellScript = "\"${SRCROOT}/Pods/Target Support Files/Pods-Client-iOS/Pods-Client-iOS-resources.sh\"\n";
			showEnvVarsInLog = 0;
		};
/* End PBXShellScriptBuildPhase section */

/* Begin PBXSourcesBuildPhase section */
		F112DAAB21FA1A35001CA110 /* Sources */ = {
			isa = PBXSourcesBuildPhase;
			buildActionMask = 2147483647;
			files = (
				F1A830C121FB8B3D00F1ACB0 /* HomeStructure.swift in Sources */,
				F1A830CB21FCB56700F1ACB0 /* UserProfileViewModel.swift in Sources */,
				F1A830C921FCA93A00F1ACB0 /* UserProfileHeader.swift in Sources */,
				F1A830BE21FB8A2600F1ACB0 /* HomeStructureTask.swift in Sources */,
				F1A830C621FCA7AE00F1ACB0 /* MineViewContoller.swift in Sources */,
				F112DAB421FA1A35001CA110 /* ViewController.swift in Sources */,
				F112DAB221FA1A35001CA110 /* AppDelegate.swift in Sources */,
				F1A830DF21FD74C000F1ACB0 /* GithubAPIService.swift in Sources */,
				F1A830C421FC36F000F1ACB0 /* LoginAuthorizeViewController.swift in Sources */,
				F1A830CF21FCBDD200F1ACB0 /* Operators.swift in Sources */,
			);
			runOnlyForDeploymentPostprocessing = 0;
		};
/* End PBXSourcesBuildPhase section */

/* Begin PBXVariantGroup section */
		F112DAB521FA1A35001CA110 /* Main.storyboard */ = {
			isa = PBXVariantGroup;
			children = (
				F112DAB621FA1A35001CA110 /* Base */,
			);
			name = Main.storyboard;
			sourceTree = "<group>";
		};
		F112DABA21FA1A36001CA110 /* LaunchScreen.storyboard */ = {
			isa = PBXVariantGroup;
			children = (
				F112DABB21FA1A36001CA110 /* Base */,
			);
			name = LaunchScreen.storyboard;
			sourceTree = "<group>";
		};
/* End PBXVariantGroup section */

/* Begin XCBuildConfiguration section */
		607FACED1AFB9204008FA782 /* Debug */ = {
			isa = XCBuildConfiguration;
			buildSettings = {
				ALWAYS_SEARCH_USER_PATHS = NO;
				CLANG_CXX_LANGUAGE_STANDARD = "gnu++0x";
				CLANG_CXX_LIBRARY = "libc++";
				CLANG_ENABLE_MODULES = YES;
				CLANG_ENABLE_OBJC_ARC = YES;
				CLANG_WARN_BLOCK_CAPTURE_AUTORELEASING = YES;
				CLANG_WARN_BOOL_CONVERSION = YES;
				CLANG_WARN_COMMA = YES;
				CLANG_WARN_CONSTANT_CONVERSION = YES;
				CLANG_WARN_DIRECT_OBJC_ISA_USAGE = YES_ERROR;
				CLANG_WARN_EMPTY_BODY = YES;
				CLANG_WARN_ENUM_CONVERSION = YES;
				CLANG_WARN_INFINITE_RECURSION = YES;
				CLANG_WARN_INT_CONVERSION = YES;
				CLANG_WARN_NON_LITERAL_NULL_CONVERSION = YES;
				CLANG_WARN_OBJC_LITERAL_CONVERSION = YES;
				CLANG_WARN_OBJC_ROOT_CLASS = YES_ERROR;
				CLANG_WARN_RANGE_LOOP_ANALYSIS = YES;
				CLANG_WARN_STRICT_PROTOTYPES = YES;
				CLANG_WARN_SUSPICIOUS_MOVE = YES;
				CLANG_WARN_UNREACHABLE_CODE = YES;
				CLANG_WARN__DUPLICATE_METHOD_MATCH = YES;
				"CODE_SIGN_IDENTITY[sdk=iphoneos*]" = "iPhone Developer";
				COPY_PHASE_STRIP = NO;
				DEBUG_INFORMATION_FORMAT = "dwarf-with-dsym";
				ENABLE_BITCODE = NO;
				ENABLE_STRICT_OBJC_MSGSEND = YES;
				ENABLE_TESTABILITY = YES;
				GCC_C_LANGUAGE_STANDARD = gnu99;
				GCC_DYNAMIC_NO_PIC = NO;
				GCC_NO_COMMON_BLOCKS = YES;
				GCC_OPTIMIZATION_LEVEL = 0;
				GCC_PREPROCESSOR_DEFINITIONS = (
					"DEBUG=1",
					"$(inherited)",
				);
				GCC_SYMBOLS_PRIVATE_EXTERN = NO;
				GCC_WARN_64_TO_32_BIT_CONVERSION = YES;
				GCC_WARN_ABOUT_RETURN_TYPE = YES_ERROR;
				GCC_WARN_UNDECLARED_SELECTOR = YES;
				GCC_WARN_UNINITIALIZED_AUTOS = YES_AGGRESSIVE;
				GCC_WARN_UNUSED_FUNCTION = YES;
				GCC_WARN_UNUSED_VARIABLE = YES;
				IPHONEOS_DEPLOYMENT_TARGET = 9.3;
				MTL_ENABLE_DEBUG_INFO = YES;
				ONLY_ACTIVE_ARCH = YES;
				SDKROOT = iphoneos;
				SWIFT_OPTIMIZATION_LEVEL = "-Onone";
			};
			name = Debug;
		};
		607FACEE1AFB9204008FA782 /* Release */ = {
			isa = XCBuildConfiguration;
			buildSettings = {
				ALWAYS_SEARCH_USER_PATHS = NO;
				CLANG_CXX_LANGUAGE_STANDARD = "gnu++0x";
				CLANG_CXX_LIBRARY = "libc++";
				CLANG_ENABLE_MODULES = YES;
				CLANG_ENABLE_OBJC_ARC = YES;
				CLANG_WARN_BLOCK_CAPTURE_AUTORELEASING = YES;
				CLANG_WARN_BOOL_CONVERSION = YES;
				CLANG_WARN_COMMA = YES;
				CLANG_WARN_CONSTANT_CONVERSION = YES;
				CLANG_WARN_DIRECT_OBJC_ISA_USAGE = YES_ERROR;
				CLANG_WARN_EMPTY_BODY = YES;
				CLANG_WARN_ENUM_CONVERSION = YES;
				CLANG_WARN_INFINITE_RECURSION = YES;
				CLANG_WARN_INT_CONVERSION = YES;
				CLANG_WARN_NON_LITERAL_NULL_CONVERSION = YES;
				CLANG_WARN_OBJC_LITERAL_CONVERSION = YES;
				CLANG_WARN_OBJC_ROOT_CLASS = YES_ERROR;
				CLANG_WARN_RANGE_LOOP_ANALYSIS = YES;
				CLANG_WARN_STRICT_PROTOTYPES = YES;
				CLANG_WARN_SUSPICIOUS_MOVE = YES;
				CLANG_WARN_UNREACHABLE_CODE = YES;
				CLANG_WARN__DUPLICATE_METHOD_MATCH = YES;
				"CODE_SIGN_IDENTITY[sdk=iphoneos*]" = "iPhone Developer";
				COPY_PHASE_STRIP = NO;
				DEBUG_INFORMATION_FORMAT = "dwarf-with-dsym";
				ENABLE_BITCODE = NO;
				ENABLE_NS_ASSERTIONS = NO;
				ENABLE_STRICT_OBJC_MSGSEND = YES;
				GCC_C_LANGUAGE_STANDARD = gnu99;
				GCC_NO_COMMON_BLOCKS = YES;
				GCC_WARN_64_TO_32_BIT_CONVERSION = YES;
				GCC_WARN_ABOUT_RETURN_TYPE = YES_ERROR;
				GCC_WARN_UNDECLARED_SELECTOR = YES;
				GCC_WARN_UNINITIALIZED_AUTOS = YES_AGGRESSIVE;
				GCC_WARN_UNUSED_FUNCTION = YES;
				GCC_WARN_UNUSED_VARIABLE = YES;
				IPHONEOS_DEPLOYMENT_TARGET = 9.3;
				MTL_ENABLE_DEBUG_INFO = NO;
				SDKROOT = iphoneos;
				SWIFT_OPTIMIZATION_LEVEL = "-Owholemodule";
				VALIDATE_PRODUCT = YES;
			};
			name = Release;
		};
		F112DABF21FA1A36001CA110 /* Debug */ = {
			isa = XCBuildConfiguration;
			baseConfigurationReference = BF50044810C0EDDD5D060202 /* Pods-Client-iOS.debug.xcconfig */;
			buildSettings = {
				ASSETCATALOG_COMPILER_APPICON_NAME = AppIcon;
				CLANG_ANALYZER_NONNULL = YES;
				CLANG_ANALYZER_NUMBER_OBJECT_CONVERSION = YES_AGGRESSIVE;
				CLANG_CXX_LANGUAGE_STANDARD = "gnu++14";
				CLANG_ENABLE_OBJC_WEAK = YES;
				CLANG_WARN_DEPRECATED_OBJC_IMPLEMENTATIONS = YES;
				CLANG_WARN_DOCUMENTATION_COMMENTS = YES;
				CLANG_WARN_OBJC_IMPLICIT_RETAIN_SELF = YES;
				CLANG_WARN_UNGUARDED_AVAILABILITY = YES_AGGRESSIVE;
				CODE_SIGN_IDENTITY = "iPhone Developer";
				CODE_SIGN_STYLE = Automatic;
				DEBUG_INFORMATION_FORMAT = dwarf;
				DEVELOPMENT_TEAM = FYW64YS999;
				GCC_C_LANGUAGE_STANDARD = gnu11;
				INFOPLIST_FILE = "Client-iOS/Info.plist";
				IPHONEOS_DEPLOYMENT_TARGET = 12.1;
				LD_RUNPATH_SEARCH_PATHS = "$(inherited) @executable_path/Frameworks";
				MTL_ENABLE_DEBUG_INFO = INCLUDE_SOURCE;
				MTL_FAST_MATH = YES;
				PRODUCT_BUNDLE_IDENTIFIER = "com.devcharvel.Client-iOS";
				PRODUCT_NAME = "$(TARGET_NAME)";
				SWIFT_ACTIVE_COMPILATION_CONDITIONS = DEBUG;
				SWIFT_VERSION = 4.2;
				TARGETED_DEVICE_FAMILY = "1,2";
			};
			name = Debug;
		};
		F112DAC021FA1A36001CA110 /* Release */ = {
			isa = XCBuildConfiguration;
			baseConfigurationReference = BCAB677742A5222054A55C2A /* Pods-Client-iOS.release.xcconfig */;
			buildSettings = {
				ASSETCATALOG_COMPILER_APPICON_NAME = AppIcon;
				CLANG_ANALYZER_NONNULL = YES;
				CLANG_ANALYZER_NUMBER_OBJECT_CONVERSION = YES_AGGRESSIVE;
				CLANG_CXX_LANGUAGE_STANDARD = "gnu++14";
				CLANG_ENABLE_OBJC_WEAK = YES;
				CLANG_WARN_DEPRECATED_OBJC_IMPLEMENTATIONS = YES;
				CLANG_WARN_DOCUMENTATION_COMMENTS = YES;
				CLANG_WARN_OBJC_IMPLICIT_RETAIN_SELF = YES;
				CLANG_WARN_UNGUARDED_AVAILABILITY = YES_AGGRESSIVE;
				CODE_SIGN_IDENTITY = "iPhone Developer";
				CODE_SIGN_STYLE = Automatic;
				DEVELOPMENT_TEAM = FYW64YS999;
				GCC_C_LANGUAGE_STANDARD = gnu11;
				INFOPLIST_FILE = "Client-iOS/Info.plist";
				IPHONEOS_DEPLOYMENT_TARGET = 12.1;
				LD_RUNPATH_SEARCH_PATHS = "$(inherited) @executable_path/Frameworks";
				MTL_FAST_MATH = YES;
				PRODUCT_BUNDLE_IDENTIFIER = "com.devcharvel.Client-iOS";
				PRODUCT_NAME = "$(TARGET_NAME)";
				SWIFT_VERSION = 4.2;
				TARGETED_DEVICE_FAMILY = "1,2";
			};
			name = Release;
		};
/* End XCBuildConfiguration section */

/* Begin XCConfigurationList section */
		607FACCB1AFB9204008FA782 /* Build configuration list for PBXProject "SwiftyGithubClient" */ = {
			isa = XCConfigurationList;
			buildConfigurations = (
				607FACED1AFB9204008FA782 /* Debug */,
				607FACEE1AFB9204008FA782 /* Release */,
			);
			defaultConfigurationIsVisible = 0;
			defaultConfigurationName = Release;
		};
		F112DABE21FA1A36001CA110 /* Build configuration list for PBXNativeTarget "Client-iOS" */ = {
			isa = XCConfigurationList;
			buildConfigurations = (
				F112DABF21FA1A36001CA110 /* Debug */,
				F112DAC021FA1A36001CA110 /* Release */,
			);
			defaultConfigurationIsVisible = 0;
			defaultConfigurationName = Release;
		};
/* End XCConfigurationList section */
	};
	rootObject = 607FACC81AFB9204008FA782 /* Project object */;
}
